{
  "name": "tree-sitter-ipkg",
  "lockfileVersion": 3,
  "requires": true,
  "packages": {
    "": {
      "dependencies": {
        "tree-sitter-cli": "^0.24.4"
      }
    },
    "node_modules/tree-sitter-cli": {
      "version": "0.24.4",
      "resolved": "https://registry.npmjs.org/tree-sitter-cli/-/tree-sitter-cli-0.24.4.tgz",
      "integrity": "sha512-I4sdtDidnujYL0tR0Re9q0UJt5KrITf2m+GMHjT4LH6IC6kpM6eLzSR7RS36Z4t5ZQBjDHvg2QUJHAWQi3P2TA==",
      "hasInstallScript": true,
      "bin": {
        "tree-sitter": "cli.js"
      },
      "engines": {
        "node": ">=12.0.0"
      }
    }
  }
}
